
Microsoft Visual Studio Solution File, Format Version 12.00
# Visual Studio Version 16
VisualStudioVersion = 16.0.31515.178
MinimumVisualStudioVersion = 10.0.40219.1
Project("{FAE04EC0-301F-11D3-BF4B-00C04F79EFBC}") = "JayBookStore", "JayBookStore.csproj", "{4AB187BB-A47B-4F18-BCA1-14E486721242}"
EndProject
Global
	GlobalSection(SolutionConfigurationPlatforms) = preSolution
		Debug|Any CPU = Debug|Any CPU
		Release|Any CPU = Release|Any CPU
	EndGlobalSection
	GlobalSection(ProjectConfigurationPlatforms) = postSolution
		{4AB187BB-A47B-4F18-BCA1-14E486721242}.Debug|Any CPU.ActiveCfg = Debug|Any CPU
		{4AB187BB-A47B-4F18-BCA1-14E486721242}.Debug|Any CPU.Build.0 = Debug|Any CPU
		{4AB187BB-A47B-4F18-BCA1-14E486721242}.Release|Any CPU.ActiveCfg = Release|Any CPU
		{4AB187BB-A47B-4F18-BCA1-14E486721242}.Release|Any CPU.Build.0 = Release|Any CPU
	EndGlobalSection
	GlobalSection(SolutionProperties) = preSolution
		HideSolutionNode = FALSE
	EndGlobalSection
	GlobalSection(ExtensibilityGlobals) = postSolution
		SolutionGuid = {9EF5B805-B33A-42DD-9793-04F9C6F912D1}
	EndGlobalSection
EndGlobal
